
Microsoft Visual Studio Solution File, Format Version 12.00
# Visual Studio 14
VisualStudioVersion = 14.0.25420.1
MinimumVisualStudioVersion = 10.0.40219.1
Project("{FAE04EC0-301F-11D3-BF4B-00C04F79EFBC}") = "QrCodeScanner.Core", "QrCodeScanner.Core\QrCodeScanner.Core.csproj", "{58890C20-DD20-4454-85DD-6516D38E100C}"
EndProject
Project("{FAE04EC0-301F-11D3-BF4B-00C04F79EFBC}") = "QrCodeScanner.WindowsPhone", "QrCodeScanner.WindowsPhone\QrCodeScanner.WindowsPhone.csproj", "{92F9232F-8598-431B-9B98-6C63655C5939}"
EndProject
Project("{FAE04EC0-301F-11D3-BF4B-00C04F79EFBC}") = "QrCodeScanner.Android", "QrCodeScanner.Android\QrCodeScanner.Android.csproj", "{52C296B8-C5D3-46E4-B588-82AD4A9B8AB5}"
EndProject
Project("{FAE04EC0-301F-11D3-BF4B-00C04F79EFBC}") = "QrCodeScanner.iOS", "QrCodeScanner.iOS\QrCodeScanner.iOS.csproj", "{B3FEBBD2-9314-4C79-80BA-FDD1011A0380}"
EndProject
Project("{FAE04EC0-301F-11D3-BF4B-00C04F79EFBC}") = "QrCodeScanner.UWP", "QrCodeScanner.UWP\QrCodeScanner.UWP.csproj", "{D1A0E881-6CDD-45F7-BEC9-2BA223996A6A}"
EndProject
Global
	GlobalSection(SolutionConfigurationPlatforms) = preSolution
		Ad-Hoc|Any CPU = Ad-Hoc|Any CPU
		Ad-Hoc|ARM = Ad-Hoc|ARM
		Ad-Hoc|iPhone = Ad-Hoc|iPhone
		Ad-Hoc|iPhoneSimulator = Ad-Hoc|iPhoneSimulator
		Ad-Hoc|x64 = Ad-Hoc|x64
		Ad-Hoc|x86 = Ad-Hoc|x86
		AppStore|Any CPU = AppStore|Any CPU
		AppStore|ARM = AppStore|ARM
		AppStore|iPhone = AppStore|iPhone
		AppStore|iPhoneSimulator = AppStore|iPhoneSimulator
		AppStore|x64 = AppStore|x64
		AppStore|x86 = AppStore|x86
		Debug|Any CPU = Debug|Any CPU
		Debug|ARM = Debug|ARM
		Debug|iPhone = Debug|iPhone
		Debug|iPhoneSimulator = Debug|iPhoneSimulator
		Debug|x64 = Debug|x64
		Debug|x86 = Debug|x86
		Release|Any CPU = Release|Any CPU
		Release|ARM = Release|ARM
		Release|iPhone = Release|iPhone
		Release|iPhoneSimulator = Release|iPhoneSimulator
		Release|x64 = Release|x64
		Release|x86 = Release|x86
	EndGlobalSection
	GlobalSection(ProjectConfigurationPlatforms) = postSolution
		{58890C20-DD20-4454-85DD-6516D38E100C}.Ad-Hoc|Any CPU.ActiveCfg = Release|Any CPU
		{58890C20-DD20-4454-85DD-6516D38E100C}.Ad-Hoc|Any CPU.Build.0 = Release|Any CPU
		{58890C20-DD20-4454-85DD-6516D38E100C}.Ad-Hoc|ARM.ActiveCfg = Release|Any CPU
		{58890C20-DD20-4454-85DD-6516D38E100C}.Ad-Hoc|ARM.Build.0 = Release|Any CPU
		{58890C20-DD20-4454-85DD-6516D38E100C}.Ad-Hoc|iPhone.ActiveCfg = Release|Any CPU
		{58890C20-DD20-4454-85DD-6516D38E100C}.Ad-Hoc|iPhone.Build.0 = Release|Any CPU
		{58890C20-DD20-4454-85DD-6516D38E100C}.Ad-Hoc|iPhoneSimulator.ActiveCfg = Release|Any CPU
		{58890C20-DD20-4454-85DD-6516D38E100C}.Ad-Hoc|iPhoneSimulator.Build.0 = Release|Any CPU
		{58890C20-DD20-4454-85DD-6516D38E100C}.Ad-Hoc|x64.ActiveCfg = Debug|Any CPU
		{58890C20-DD20-4454-85DD-6516D38E100C}.Ad-Hoc|x64.Build.0 = Debug|Any CPU
		{58890C20-DD20-4454-85DD-6516D38E100C}.Ad-Hoc|x86.ActiveCfg = Release|Any CPU
		{58890C20-DD20-4454-85DD-6516D38E100C}.Ad-Hoc|x86.Build.0 = Release|Any CPU
		{58890C20-DD20-4454-85DD-6516D38E100C}.AppStore|Any CPU.ActiveCfg = Release|Any CPU
		{58890C20-DD20-4454-85DD-6516D38E100C}.AppStore|Any CPU.Build.0 = Release|Any CPU
		{58890C20-DD20-4454-85DD-6516D38E100C}.AppStore|ARM.ActiveCfg = Release|Any CPU
		{58890C20-DD20-4454-85DD-6516D38E100C}.AppStore|ARM.Build.0 = Release|Any CPU
		{58890C20-DD20-4454-85DD-6516D38E100C}.AppStore|iPhone.ActiveCfg = Release|Any CPU
		{58890C20-DD20-4454-85DD-6516D38E100C}.AppStore|iPhone.Build.0 = Release|Any CPU
		{58890C20-DD20-4454-85DD-6516D38E100C}.AppStore|iPhoneSimulator.ActiveCfg = Release|Any CPU
		{58890C20-DD20-4454-85DD-6516D38E100C}.AppStore|iPhoneSimulator.Build.0 = Release|Any CPU
		{58890C20-DD20-4454-85DD-6516D38E100C}.AppStore|x64.ActiveCfg = Debug|Any CPU
		{58890C20-DD20-4454-85DD-6516D38E100C}.AppStore|x64.Build.0 = Debug|Any CPU
		{58890C20-DD20-4454-85DD-6516D38E100C}.AppStore|x86.ActiveCfg = Release|Any CPU
		{58890C20-DD20-4454-85DD-6516D38E100C}.AppStore|x86.Build.0 = Release|Any CPU
		{58890C20-DD20-4454-85DD-6516D38E100C}.Debug|Any CPU.ActiveCfg = Debug|Any CPU
		{58890C20-DD20-4454-85DD-6516D38E100C}.Debug|Any CPU.Build.0 = Debug|Any CPU
		{58890C20-DD20-4454-85DD-6516D38E100C}.Debug|ARM.ActiveCfg = Debug|Any CPU
		{58890C20-DD20-4454-85DD-6516D38E100C}.Debug|ARM.Build.0 = Debug|Any CPU
		{58890C20-DD20-4454-85DD-6516D38E100C}.Debug|iPhone.ActiveCfg = Debug|Any CPU
		{58890C20-DD20-4454-85DD-6516D38E100C}.Debug|iPhone.Build.0 = Debug|Any CPU
		{58890C20-DD20-4454-85DD-6516D38E100C}.Debug|iPhoneSimulator.ActiveCfg = Debug|Any CPU
		{58890C20-DD20-4454-85DD-6516D38E100C}.Debug|iPhoneSimulator.Build.0 = Debug|Any CPU
		{58890C20-DD20-4454-85DD-6516D38E100C}.Debug|x64.ActiveCfg = Debug|Any CPU
		{58890C20-DD20-4454-85DD-6516D38E100C}.Debug|x64.Build.0 = Debug|Any CPU
		{58890C20-DD20-4454-85DD-6516D38E100C}.Debug|x86.ActiveCfg = Debug|Any CPU
		{58890C20-DD20-4454-85DD-6516D38E100C}.Debug|x86.Build.0 = Debug|Any CPU
		{58890C20-DD20-4454-85DD-6516D38E100C}.Release|Any CPU.ActiveCfg = Release|Any CPU
		{58890C20-DD20-4454-85DD-6516D38E100C}.Release|Any CPU.Build.0 = Release|Any CPU
		{58890C20-DD20-4454-85DD-6516D38E100C}.Release|ARM.ActiveCfg = Release|Any CPU
		{58890C20-DD20-4454-85DD-6516D38E100C}.Release|ARM.Build.0 = Release|Any CPU
		{58890C20-DD20-4454-85DD-6516D38E100C}.Release|iPhone.ActiveCfg = Release|Any CPU
		{58890C20-DD20-4454-85DD-6516D38E100C}.Release|iPhone.Build.0 = Release|Any CPU
		{58890C20-DD20-4454-85DD-6516D38E100C}.Release|iPhoneSimulator.ActiveCfg = Release|Any CPU
		{58890C20-DD20-4454-85DD-6516D38E100C}.Release|iPhoneSimulator.Build.0 = Release|Any CPU
		{58890C20-DD20-4454-85DD-6516D38E100C}.Release|x64.ActiveCfg = Release|Any CPU
		{58890C20-DD20-4454-85DD-6516D38E100C}.Release|x64.Build.0 = Release|Any CPU
		{58890C20-DD20-4454-85DD-6516D38E100C}.Release|x86.ActiveCfg = Release|Any CPU
		{58890C20-DD20-4454-85DD-6516D38E100C}.Release|x86.Build.0 = Release|Any CPU
		{92F9232F-8598-431B-9B98-6C63655C5939}.Ad-Hoc|Any CPU.ActiveCfg = Release|Any CPU
		{92F9232F-8598-431B-9B98-6C63655C5939}.Ad-Hoc|Any CPU.Build.0 = Release|Any CPU
		{92F9232F-8598-431B-9B98-6C63655C5939}.Ad-Hoc|Any CPU.Deploy.0 = Release|Any CPU
		{92F9232F-8598-431B-9B98-6C63655C5939}.Ad-Hoc|ARM.ActiveCfg = Release|ARM
		{92F9232F-8598-431B-9B98-6C63655C5939}.Ad-Hoc|ARM.Build.0 = Release|ARM
		{92F9232F-8598-431B-9B98-6C63655C5939}.Ad-Hoc|ARM.Deploy.0 = Release|ARM
		{92F9232F-8598-431B-9B98-6C63655C5939}.Ad-Hoc|iPhone.ActiveCfg = Release|Any CPU
		{92F9232F-8598-431B-9B98-6C63655C5939}.Ad-Hoc|iPhone.Build.0 = Release|Any CPU
		{92F9232F-8598-431B-9B98-6C63655C5939}.Ad-Hoc|iPhone.Deploy.0 = Release|Any CPU
		{92F9232F-8598-431B-9B98-6C63655C5939}.Ad-Hoc|iPhoneSimulator.ActiveCfg = Release|Any CPU
		{92F9232F-8598-431B-9B98-6C63655C5939}.Ad-Hoc|iPhoneSimulator.Build.0 = Release|Any CPU
		{92F9232F-8598-431B-9B98-6C63655C5939}.Ad-Hoc|iPhoneSimulator.Deploy.0 = Release|Any CPU
		{92F9232F-8598-431B-9B98-6C63655C5939}.Ad-Hoc|x64.ActiveCfg = Debug|Any CPU
		{92F9232F-8598-431B-9B98-6C63655C5939}.Ad-Hoc|x64.Build.0 = Debug|Any CPU
		{92F9232F-8598-431B-9B98-6C63655C5939}.Ad-Hoc|x64.Deploy.0 = Debug|Any CPU
		{92F9232F-8598-431B-9B98-6C63655C5939}.Ad-Hoc|x86.ActiveCfg = Release|x86
		{92F9232F-8598-431B-9B98-6C63655C5939}.Ad-Hoc|x86.Build.0 = Release|x86
		{92F9232F-8598-431B-9B98-6C63655C5939}.Ad-Hoc|x86.Deploy.0 = Release|x86
		{92F9232F-8598-431B-9B98-6C63655C5939}.AppStore|Any CPU.ActiveCfg = Release|Any CPU
		{92F9232F-8598-431B-9B98-6C63655C5939}.AppStore|Any CPU.Build.0 = Release|Any CPU
		{92F9232F-8598-431B-9B98-6C63655C5939}.AppStore|Any CPU.Deploy.0 = Release|Any CPU
		{92F9232F-8598-431B-9B98-6C63655C5939}.AppStore|ARM.ActiveCfg = Release|ARM
		{92F9232F-8598-431B-9B98-6C63655C5939}.AppStore|ARM.Build.0 = Release|ARM
		{92F9232F-8598-431B-9B98-6C63655C5939}.AppStore|ARM.Deploy.0 = Release|ARM
		{92F9232F-8598-431B-9B98-6C63655C5939}.AppStore|iPhone.ActiveCfg = Release|Any CPU
		{92F9232F-8598-431B-9B98-6C63655C5939}.AppStore|iPhone.Build.0 = Release|Any CPU
		{92F9232F-8598-431B-9B98-6C63655C5939}.AppStore|iPhone.Deploy.0 = Release|Any CPU
		{92F9232F-8598-431B-9B98-6C63655C5939}.AppStore|iPhoneSimulator.ActiveCfg = Release|Any CPU
		{92F9232F-8598-431B-9B98-6C63655C5939}.AppStore|iPhoneSimulator.Build.0 = Release|Any CPU
		{92F9232F-8598-431B-9B98-6C63655C5939}.AppStore|iPhoneSimulator.Deploy.0 = Release|Any CPU
		{92F9232F-8598-431B-9B98-6C63655C5939}.AppStore|x64.ActiveCfg = Debug|Any CPU
		{92F9232F-8598-431B-9B98-6C63655C5939}.AppStore|x64.Build.0 = Debug|Any CPU
		{92F9232F-8598-431B-9B98-6C63655C5939}.AppStore|x64.Deploy.0 = Debug|Any CPU
		{92F9232F-8598-431B-9B98-6C63655C5939}.AppStore|x86.ActiveCfg = Release|x86
		{92F9232F-8598-431B-9B98-6C63655C5939}.AppStore|x86.Build.0 = Release|x86
		{92F9232F-8598-431B-9B98-6C63655C5939}.AppStore|x86.Deploy.0 = Release|x86
		{92F9232F-8598-431B-9B98-6C63655C5939}.Debug|Any CPU.ActiveCfg = Debug|Any CPU
		{92F9232F-8598-431B-9B98-6C63655C5939}.Debug|Any CPU.Build.0 = Debug|Any CPU
		{92F9232F-8598-431B-9B98-6C63655C5939}.Debug|Any CPU.Deploy.0 = Debug|Any CPU
		{92F9232F-8598-431B-9B98-6C63655C5939}.Debug|ARM.ActiveCfg = Debug|ARM
		{92F9232F-8598-431B-9B98-6C63655C5939}.Debug|ARM.Build.0 = Debug|ARM
		{92F9232F-8598-431B-9B98-6C63655C5939}.Debug|ARM.Deploy.0 = Debug|ARM
		{92F9232F-8598-431B-9B98-6C63655C5939}.Debug|iPhone.ActiveCfg = Debug|Any CPU
		{92F9232F-8598-431B-9B98-6C63655C5939}.Debug|iPhone.Build.0 = Debug|Any CPU
		{92F9232F-8598-431B-9B98-6C63655C5939}.Debug|iPhone.Deploy.0 = Debug|Any CPU
		{92F9232F-8598-431B-9B98-6C63655C5939}.Debug|iPhoneSimulator.ActiveCfg = Debug|Any CPU
		{92F9232F-8598-431B-9B98-6C63655C5939}.Debug|iPhoneSimulator.Build.0 = Debug|Any CPU
		{92F9232F-8598-431B-9B98-6C63655C5939}.Debug|iPhoneSimulator.Deploy.0 = Debug|Any CPU
		{92F9232F-8598-431B-9B98-6C63655C5939}.Debug|x64.ActiveCfg = Debug|Any CPU
		{92F9232F-8598-431B-9B98-6C63655C5939}.Debug|x64.Build.0 = Debug|Any CPU
		{92F9232F-8598-431B-9B98-6C63655C5939}.Debug|x64.Deploy.0 = Debug|Any CPU
		{92F9232F-8598-431B-9B98-6C63655C5939}.Debug|x86.ActiveCfg = Debug|x86
		{92F9232F-8598-431B-9B98-6C63655C5939}.Debug|x86.Build.0 = Debug|x86
		{92F9232F-8598-431B-9B98-6C63655C5939}.Debug|x86.Deploy.0 = Debug|x86
		{92F9232F-8598-431B-9B98-6C63655C5939}.Release|Any CPU.ActiveCfg = Release|Any CPU
		{92F9232F-8598-431B-9B98-6C63655C5939}.Release|Any CPU.Build.0 = Release|Any CPU
		{92F9232F-8598-431B-9B98-6C63655C5939}.Release|Any CPU.Deploy.0 = Release|Any CPU
		{92F9232F-8598-431B-9B98-6C63655C5939}.Release|ARM.ActiveCfg = Release|ARM
		{92F9232F-8598-431B-9B98-6C63655C5939}.Release|ARM.Build.0 = Release|ARM
		{92F9232F-8598-431B-9B98-6C63655C5939}.Release|ARM.Deploy.0 = Release|ARM
		{92F9232F-8598-431B-9B98-6C63655C5939}.Release|iPhone.ActiveCfg = Release|Any CPU
		{92F9232F-8598-431B-9B98-6C63655C5939}.Release|iPhone.Build.0 = Release|Any CPU
		{92F9232F-8598-431B-9B98-6C63655C5939}.Release|iPhone.Deploy.0 = Release|Any CPU
		{92F9232F-8598-431B-9B98-6C63655C5939}.Release|iPhoneSimulator.ActiveCfg = Release|Any CPU
		{92F9232F-8598-431B-9B98-6C63655C5939}.Release|iPhoneSimulator.Build.0 = Release|Any CPU
		{92F9232F-8598-431B-9B98-6C63655C5939}.Release|iPhoneSimulator.Deploy.0 = Release|Any CPU
		{92F9232F-8598-431B-9B98-6C63655C5939}.Release|x64.ActiveCfg = Release|Any CPU
		{92F9232F-8598-431B-9B98-6C63655C5939}.Release|x64.Build.0 = Release|Any CPU
		{92F9232F-8598-431B-9B98-6C63655C5939}.Release|x64.Deploy.0 = Release|Any CPU
		{92F9232F-8598-431B-9B98-6C63655C5939}.Release|x86.ActiveCfg = Release|x86
		{92F9232F-8598-431B-9B98-6C63655C5939}.Release|x86.Build.0 = Release|x86
		{92F9232F-8598-431B-9B98-6C63655C5939}.Release|x86.Deploy.0 = Release|x86
		{52C296B8-C5D3-46E4-B588-82AD4A9B8AB5}.Ad-Hoc|Any CPU.ActiveCfg = Release|Any CPU
		{52C296B8-C5D3-46E4-B588-82AD4A9B8AB5}.Ad-Hoc|Any CPU.Build.0 = Release|Any CPU
		{52C296B8-C5D3-46E4-B588-82AD4A9B8AB5}.Ad-Hoc|Any CPU.Deploy.0 = Release|Any CPU
		{52C296B8-C5D3-46E4-B588-82AD4A9B8AB5}.Ad-Hoc|ARM.ActiveCfg = Release|Any CPU
		{52C296B8-C5D3-46E4-B588-82AD4A9B8AB5}.Ad-Hoc|ARM.Build.0 = Release|Any CPU
		{52C296B8-C5D3-46E4-B588-82AD4A9B8AB5}.Ad-Hoc|ARM.Deploy.0 = Release|Any CPU
		{52C296B8-C5D3-46E4-B588-82AD4A9B8AB5}.Ad-Hoc|iPhone.ActiveCfg = Release|Any CPU
		{52C296B8-C5D3-46E4-B588-82AD4A9B8AB5}.Ad-Hoc|iPhone.Build.0 = Release|Any CPU
		{52C296B8-C5D3-46E4-B588-82AD4A9B8AB5}.Ad-Hoc|iPhone.Deploy.0 = Release|Any CPU
		{52C296B8-C5D3-46E4-B588-82AD4A9B8AB5}.Ad-Hoc|iPhoneSimulator.ActiveCfg = Release|Any CPU
		{52C296B8-C5D3-46E4-B588-82AD4A9B8AB5}.Ad-Hoc|iPhoneSimulator.Build.0 = Release|Any CPU
		{52C296B8-C5D3-46E4-B588-82AD4A9B8AB5}.Ad-Hoc|iPhoneSimulator.Deploy.0 = Release|Any CPU
		{52C296B8-C5D3-46E4-B588-82AD4A9B8AB5}.Ad-Hoc|x64.ActiveCfg = Debug|Any CPU
		{52C296B8-C5D3-46E4-B588-82AD4A9B8AB5}.Ad-Hoc|x64.Build.0 = Debug|Any CPU
		{52C296B8-C5D3-46E4-B588-82AD4A9B8AB5}.Ad-Hoc|x64.Deploy.0 = Debug|Any CPU
		{52C296B8-C5D3-46E4-B588-82AD4A9B8AB5}.Ad-Hoc|x86.ActiveCfg = Release|Any CPU
		{52C296B8-C5D3-46E4-B588-82AD4A9B8AB5}.Ad-Hoc|x86.Build.0 = Release|Any CPU
		{52C296B8-C5D3-46E4-B588-82AD4A9B8AB5}.Ad-Hoc|x86.Deploy.0 = Release|Any CPU
		{52C296B8-C5D3-46E4-B588-82AD4A9B8AB5}.AppStore|Any CPU.ActiveCfg = Release|Any CPU
		{52C296B8-C5D3-46E4-B588-82AD4A9B8AB5}.AppStore|Any CPU.Build.0 = Release|Any CPU
		{52C296B8-C5D3-46E4-B588-82AD4A9B8AB5}.AppStore|Any CPU.Deploy.0 = Release|Any CPU
		{52C296B8-C5D3-46E4-B588-82AD4A9B8AB5}.AppStore|ARM.ActiveCfg = Release|Any CPU
		{52C296B8-C5D3-46E4-B588-82AD4A9B8AB5}.AppStore|ARM.Build.0 = Release|Any CPU
		{52C296B8-C5D3-46E4-B588-82AD4A9B8AB5}.AppStore|ARM.Deploy.0 = Release|Any CPU
		{52C296B8-C5D3-46E4-B588-82AD4A9B8AB5}.AppStore|iPhone.ActiveCfg = Release|Any CPU
		{52C296B8-C5D3-46E4-B588-82AD4A9B8AB5}.AppStore|iPhone.Build.0 = Release|Any CPU
		{52C296B8-C5D3-46E4-B588-82AD4A9B8AB5}.AppStore|iPhone.Deploy.0 = Release|Any CPU
		{52C296B8-C5D3-46E4-B588-82AD4A9B8AB5}.AppStore|iPhoneSimulator.ActiveCfg = Release|Any CPU
		{52C296B8-C5D3-46E4-B588-82AD4A9B8AB5}.AppStore|iPhoneSimulator.Build.0 = Release|Any CPU
		{52C296B8-C5D3-46E4-B588-82AD4A9B8AB5}.AppStore|iPhoneSimulator.Deploy.0 = Release|Any CPU
		{52C296B8-C5D3-46E4-B588-82AD4A9B8AB5}.AppStore|x64.ActiveCfg = Debug|Any CPU
		{52C296B8-C5D3-46E4-B588-82AD4A9B8AB5}.AppStore|x64.Build.0 = Debug|Any CPU
		{52C296B8-C5D3-46E4-B588-82AD4A9B8AB5}.AppStore|x64.Deploy.0 = Debug|Any CPU
		{52C296B8-C5D3-46E4-B588-82AD4A9B8AB5}.AppStore|x86.ActiveCfg = Release|Any CPU
		{52C296B8-C5D3-46E4-B588-82AD4A9B8AB5}.AppStore|x86.Build.0 = Release|Any CPU
		{52C296B8-C5D3-46E4-B588-82AD4A9B8AB5}.AppStore|x86.Deploy.0 = Release|Any CPU
		{52C296B8-C5D3-46E4-B588-82AD4A9B8AB5}.Debug|Any CPU.ActiveCfg = Debug|Any CPU
		{52C296B8-C5D3-46E4-B588-82AD4A9B8AB5}.Debug|Any CPU.Build.0 = Debug|Any CPU
		{52C296B8-C5D3-46E4-B588-82AD4A9B8AB5}.Debug|Any CPU.Deploy.0 = Debug|Any CPU
		{52C296B8-C5D3-46E4-B588-82AD4A9B8AB5}.Debug|ARM.ActiveCfg = Debug|Any CPU
		{52C296B8-C5D3-46E4-B588-82AD4A9B8AB5}.Debug|ARM.Build.0 = Debug|Any CPU
		{52C296B8-C5D3-46E4-B588-82AD4A9B8AB5}.Debug|ARM.Deploy.0 = Debug|Any CPU
		{52C296B8-C5D3-46E4-B588-82AD4A9B8AB5}.Debug|iPhone.ActiveCfg = Debug|Any CPU
		{52C296B8-C5D3-46E4-B588-82AD4A9B8AB5}.Debug|iPhone.Build.0 = Debug|Any CPU
		{52C296B8-C5D3-46E4-B588-82AD4A9B8AB5}.Debug|iPhone.Deploy.0 = Debug|Any CPU
		{52C296B8-C5D3-46E4-B588-82AD4A9B8AB5}.Debug|iPhoneSimulator.ActiveCfg = Debug|Any CPU
		{52C296B8-C5D3-46E4-B588-82AD4A9B8AB5}.Debug|iPhoneSimulator.Build.0 = Debug|Any CPU
		{52C296B8-C5D3-46E4-B588-82AD4A9B8AB5}.Debug|iPhoneSimulator.Deploy.0 = Debug|Any CPU
		{52C296B8-C5D3-46E4-B588-82AD4A9B8AB5}.Debug|x64.ActiveCfg = Debug|Any CPU
		{52C296B8-C5D3-46E4-B588-82AD4A9B8AB5}.Debug|x64.Build.0 = Debug|Any CPU
		{52C296B8-C5D3-46E4-B588-82AD4A9B8AB5}.Debug|x64.Deploy.0 = Debug|Any CPU
		{52C296B8-C5D3-46E4-B588-82AD4A9B8AB5}.Debug|x86.ActiveCfg = Debug|Any CPU
		{52C296B8-C5D3-46E4-B588-82AD4A9B8AB5}.Debug|x86.Build.0 = Debug|Any CPU
		{52C296B8-C5D3-46E4-B588-82AD4A9B8AB5}.Debug|x86.Deploy.0 = Debug|Any CPU
		{52C296B8-C5D3-46E4-B588-82AD4A9B8AB5}.Release|Any CPU.ActiveCfg = Release|Any CPU
		{52C296B8-C5D3-46E4-B588-82AD4A9B8AB5}.Release|Any CPU.Build.0 = Release|Any CPU
		{52C296B8-C5D3-46E4-B588-82AD4A9B8AB5}.Release|Any CPU.Deploy.0 = Release|Any CPU
		{52C296B8-C5D3-46E4-B588-82AD4A9B8AB5}.Release|ARM.ActiveCfg = Release|Any CPU
		{52C296B8-C5D3-46E4-B588-82AD4A9B8AB5}.Release|ARM.Build.0 = Release|Any CPU
		{52C296B8-C5D3-46E4-B588-82AD4A9B8AB5}.Release|ARM.Deploy.0 = Release|Any CPU
		{52C296B8-C5D3-46E4-B588-82AD4A9B8AB5}.Release|iPhone.ActiveCfg = Release|Any CPU
		{52C296B8-C5D3-46E4-B588-82AD4A9B8AB5}.Release|iPhone.Build.0 = Release|Any CPU
		{52C296B8-C5D3-46E4-B588-82AD4A9B8AB5}.Release|iPhone.Deploy.0 = Release|Any CPU
		{52C296B8-C5D3-46E4-B588-82AD4A9B8AB5}.Release|iPhoneSimulator.ActiveCfg = Release|Any CPU
		{52C296B8-C5D3-46E4-B588-82AD4A9B8AB5}.Release|iPhoneSimulator.Build.0 = Release|Any CPU
		{52C296B8-C5D3-46E4-B588-82AD4A9B8AB5}.Release|iPhoneSimulator.Deploy.0 = Release|Any CPU
		{52C296B8-C5D3-46E4-B588-82AD4A9B8AB5}.Release|x64.ActiveCfg = Release|Any CPU
		{52C296B8-C5D3-46E4-B588-82AD4A9B8AB5}.Release|x64.Build.0 = Release|Any CPU
		{52C296B8-C5D3-46E4-B588-82AD4A9B8AB5}.Release|x64.Deploy.0 = Release|Any CPU
		{52C296B8-C5D3-46E4-B588-82AD4A9B8AB5}.Release|x86.ActiveCfg = Release|Any CPU
		{52C296B8-C5D3-46E4-B588-82AD4A9B8AB5}.Release|x86.Build.0 = Release|Any CPU
		{52C296B8-C5D3-46E4-B588-82AD4A9B8AB5}.Release|x86.Deploy.0 = Release|Any CPU
		{B3FEBBD2-9314-4C79-80BA-FDD1011A0380}.Ad-Hoc|Any CPU.ActiveCfg = Ad-Hoc|iPhone
		{B3FEBBD2-9314-4C79-80BA-FDD1011A0380}.Ad-Hoc|ARM.ActiveCfg = Ad-Hoc|iPhone
		{B3FEBBD2-9314-4C79-80BA-FDD1011A0380}.Ad-Hoc|iPhone.ActiveCfg = Ad-Hoc|iPhone
		{B3FEBBD2-9314-4C79-80BA-FDD1011A0380}.Ad-Hoc|iPhone.Build.0 = Ad-Hoc|iPhone
		{B3FEBBD2-9314-4C79-80BA-FDD1011A0380}.Ad-Hoc|iPhoneSimulator.ActiveCfg = Ad-Hoc|iPhoneSimulator
		{B3FEBBD2-9314-4C79-80BA-FDD1011A0380}.Ad-Hoc|iPhoneSimulator.Build.0 = Ad-Hoc|iPhoneSimulator
		{B3FEBBD2-9314-4C79-80BA-FDD1011A0380}.Ad-Hoc|x64.ActiveCfg = Ad-Hoc|iPhoneSimulator
		{B3FEBBD2-9314-4C79-80BA-FDD1011A0380}.Ad-Hoc|x86.ActiveCfg = Ad-Hoc|iPhone
		{B3FEBBD2-9314-4C79-80BA-FDD1011A0380}.AppStore|Any CPU.ActiveCfg = AppStore|iPhone
		{B3FEBBD2-9314-4C79-80BA-FDD1011A0380}.AppStore|ARM.ActiveCfg = AppStore|iPhone
		{B3FEBBD2-9314-4C79-80BA-FDD1011A0380}.AppStore|iPhone.ActiveCfg = AppStore|iPhone
		{B3FEBBD2-9314-4C79-80BA-FDD1011A0380}.AppStore|iPhone.Build.0 = AppStore|iPhone
		{B3FEBBD2-9314-4C79-80BA-FDD1011A0380}.AppStore|iPhoneSimulator.ActiveCfg = AppStore|iPhoneSimulator
		{B3FEBBD2-9314-4C79-80BA-FDD1011A0380}.AppStore|iPhoneSimulator.Build.0 = AppStore|iPhoneSimulator
		{B3FEBBD2-9314-4C79-80BA-FDD1011A0380}.AppStore|x64.ActiveCfg = AppStore|iPhoneSimulator
		{B3FEBBD2-9314-4C79-80BA-FDD1011A0380}.AppStore|x86.ActiveCfg = AppStore|iPhone
		{B3FEBBD2-9314-4C79-80BA-FDD1011A0380}.Debug|Any CPU.ActiveCfg = Debug|iPhone
		{B3FEBBD2-9314-4C79-80BA-FDD1011A0380}.Debug|ARM.ActiveCfg = Debug|iPhone
		{B3FEBBD2-9314-4C79-80BA-FDD1011A0380}.Debug|iPhone.ActiveCfg = Debug|iPhone
		{B3FEBBD2-9314-4C79-80BA-FDD1011A0380}.Debug|iPhone.Build.0 = Debug|iPhone
		{B3FEBBD2-9314-4C79-80BA-FDD1011A0380}.Debug|iPhoneSimulator.ActiveCfg = Debug|iPhoneSimulator
		{B3FEBBD2-9314-4C79-80BA-FDD1011A0380}.Debug|iPhoneSimulator.Build.0 = Debug|iPhoneSimulator
		{B3FEBBD2-9314-4C79-80BA-FDD1011A0380}.Debug|x64.ActiveCfg = Debug|iPhoneSimulator
		{B3FEBBD2-9314-4C79-80BA-FDD1011A0380}.Debug|x86.ActiveCfg = Debug|iPhone
		{B3FEBBD2-9314-4C79-80BA-FDD1011A0380}.Release|Any CPU.ActiveCfg = Release|iPhone
		{B3FEBBD2-9314-4C79-80BA-FDD1011A0380}.Release|ARM.ActiveCfg = Release|iPhone
		{B3FEBBD2-9314-4C79-80BA-FDD1011A0380}.Release|iPhone.ActiveCfg = Release|iPhone
		{B3FEBBD2-9314-4C79-80BA-FDD1011A0380}.Release|iPhone.Build.0 = Release|iPhone
		{B3FEBBD2-9314-4C79-80BA-FDD1011A0380}.Release|iPhoneSimulator.ActiveCfg = Release|iPhoneSimulator
		{B3FEBBD2-9314-4C79-80BA-FDD1011A0380}.Release|iPhoneSimulator.Build.0 = Release|iPhoneSimulator
		{B3FEBBD2-9314-4C79-80BA-FDD1011A0380}.Release|x64.ActiveCfg = Release|iPhoneSimulator
		{B3FEBBD2-9314-4C79-80BA-FDD1011A0380}.Release|x86.ActiveCfg = Release|iPhone
		{D1A0E881-6CDD-45F7-BEC9-2BA223996A6A}.Ad-Hoc|Any CPU.ActiveCfg = Release|x64
		{D1A0E881-6CDD-45F7-BEC9-2BA223996A6A}.Ad-Hoc|Any CPU.Build.0 = Release|x64
		{D1A0E881-6CDD-45F7-BEC9-2BA223996A6A}.Ad-Hoc|Any CPU.Deploy.0 = Release|x64
		{D1A0E881-6CDD-45F7-BEC9-2BA223996A6A}.Ad-Hoc|ARM.ActiveCfg = Release|ARM
		{D1A0E881-6CDD-45F7-BEC9-2BA223996A6A}.Ad-Hoc|ARM.Build.0 = Release|ARM
		{D1A0E881-6CDD-45F7-BEC9-2BA223996A6A}.Ad-Hoc|ARM.Deploy.0 = Release|ARM
		{D1A0E881-6CDD-45F7-BEC9-2BA223996A6A}.Ad-Hoc|iPhone.ActiveCfg = Release|x64
		{D1A0E881-6CDD-45F7-BEC9-2BA223996A6A}.Ad-Hoc|iPhone.Build.0 = Release|x64
		{D1A0E881-6CDD-45F7-BEC9-2BA223996A6A}.Ad-Hoc|iPhone.Deploy.0 = Release|x64
		{D1A0E881-6CDD-45F7-BEC9-2BA223996A6A}.Ad-Hoc|iPhoneSimulator.ActiveCfg = Release|x64
		{D1A0E881-6CDD-45F7-BEC9-2BA223996A6A}.Ad-Hoc|iPhoneSimulator.Build.0 = Release|x64
		{D1A0E881-6CDD-45F7-BEC9-2BA223996A6A}.Ad-Hoc|iPhoneSimulator.Deploy.0 = Release|x64
		{D1A0E881-6CDD-45F7-BEC9-2BA223996A6A}.Ad-Hoc|x64.ActiveCfg = Release|x64
		{D1A0E881-6CDD-45F7-BEC9-2BA223996A6A}.Ad-Hoc|x64.Build.0 = Release|x64
		{D1A0E881-6CDD-45F7-BEC9-2BA223996A6A}.Ad-Hoc|x64.Deploy.0 = Release|x64
		{D1A0E881-6CDD-45F7-BEC9-2BA223996A6A}.Ad-Hoc|x86.ActiveCfg = Release|x86
		{D1A0E881-6CDD-45F7-BEC9-2BA223996A6A}.Ad-Hoc|x86.Build.0 = Release|x86
		{D1A0E881-6CDD-45F7-BEC9-2BA223996A6A}.Ad-Hoc|x86.Deploy.0 = Release|x86
		{D1A0E881-6CDD-45F7-BEC9-2BA223996A6A}.AppStore|Any CPU.ActiveCfg = Release|x64
		{D1A0E881-6CDD-45F7-BEC9-2BA223996A6A}.AppStore|Any CPU.Build.0 = Release|x64
		{D1A0E881-6CDD-45F7-BEC9-2BA223996A6A}.AppStore|Any CPU.Deploy.0 = Release|x64
		{D1A0E881-6CDD-45F7-BEC9-2BA223996A6A}.AppStore|ARM.ActiveCfg = Release|ARM
		{D1A0E881-6CDD-45F7-BEC9-2BA223996A6A}.AppStore|ARM.Build.0 = Release|ARM
		{D1A0E881-6CDD-45F7-BEC9-2BA223996A6A}.AppStore|ARM.Deploy.0 = Release|ARM
		{D1A0E881-6CDD-45F7-BEC9-2BA223996A6A}.AppStore|iPhone.ActiveCfg = Release|x64
		{D1A0E881-6CDD-45F7-BEC9-2BA223996A6A}.AppStore|iPhone.Build.0 = Release|x64
		{D1A0E881-6CDD-45F7-BEC9-2BA223996A6A}.AppStore|iPhone.Deploy.0 = Release|x64
		{D1A0E881-6CDD-45F7-BEC9-2BA223996A6A}.AppStore|iPhoneSimulator.ActiveCfg = Release|x64
		{D1A0E881-6CDD-45F7-BEC9-2BA223996A6A}.AppStore|iPhoneSimulator.Build.0 = Release|x64
		{D1A0E881-6CDD-45F7-BEC9-2BA223996A6A}.AppStore|iPhoneSimulator.Deploy.0 = Release|x64
		{D1A0E881-6CDD-45F7-BEC9-2BA223996A6A}.AppStore|x64.ActiveCfg = Release|x64
		{D1A0E881-6CDD-45F7-BEC9-2BA223996A6A}.AppStore|x64.Build.0 = Release|x64
		{D1A0E881-6CDD-45F7-BEC9-2BA223996A6A}.AppStore|x64.Deploy.0 = Release|x64
		{D1A0E881-6CDD-45F7-BEC9-2BA223996A6A}.AppStore|x86.ActiveCfg = Release|x86
		{D1A0E881-6CDD-45F7-BEC9-2BA223996A6A}.AppStore|x86.Build.0 = Release|x86
		{D1A0E881-6CDD-45F7-BEC9-2BA223996A6A}.AppStore|x86.Deploy.0 = Release|x86
		{D1A0E881-6CDD-45F7-BEC9-2BA223996A6A}.Debug|Any CPU.ActiveCfg = Debug|x86
		{D1A0E881-6CDD-45F7-BEC9-2BA223996A6A}.Debug|Any CPU.Build.0 = Debug|x86
		{D1A0E881-6CDD-45F7-BEC9-2BA223996A6A}.Debug|Any CPU.Deploy.0 = Debug|x86
		{D1A0E881-6CDD-45F7-BEC9-2BA223996A6A}.Debug|ARM.ActiveCfg = Debug|ARM
		{D1A0E881-6CDD-45F7-BEC9-2BA223996A6A}.Debug|ARM.Build.0 = Debug|ARM
		{D1A0E881-6CDD-45F7-BEC9-2BA223996A6A}.Debug|ARM.Deploy.0 = Debug|ARM
		{D1A0E881-6CDD-45F7-BEC9-2BA223996A6A}.Debug|iPhone.ActiveCfg = Debug|x86
		{D1A0E881-6CDD-45F7-BEC9-2BA223996A6A}.Debug|iPhoneSimulator.ActiveCfg = Debug|x86
		{D1A0E881-6CDD-45F7-BEC9-2BA223996A6A}.Debug|x64.ActiveCfg = Debug|x64
		{D1A0E881-6CDD-45F7-BEC9-2BA223996A6A}.Debug|x64.Build.0 = Debug|x64
		{D1A0E881-6CDD-45F7-BEC9-2BA223996A6A}.Debug|x64.Deploy.0 = Debug|x64
		{D1A0E881-6CDD-45F7-BEC9-2BA223996A6A}.Debug|x86.ActiveCfg = Debug|x86
		{D1A0E881-6CDD-45F7-BEC9-2BA223996A6A}.Debug|x86.Build.0 = Debug|x86
		{D1A0E881-6CDD-45F7-BEC9-2BA223996A6A}.Debug|x86.Deploy.0 = Debug|x86
		{D1A0E881-6CDD-45F7-BEC9-2BA223996A6A}.Release|Any CPU.ActiveCfg = Release|x86
		{D1A0E881-6CDD-45F7-BEC9-2BA223996A6A}.Release|ARM.ActiveCfg = Release|ARM
		{D1A0E881-6CDD-45F7-BEC9-2BA223996A6A}.Release|ARM.Build.0 = Release|ARM
		{D1A0E881-6CDD-45F7-BEC9-2BA223996A6A}.Release|ARM.Deploy.0 = Release|ARM
		{D1A0E881-6CDD-45F7-BEC9-2BA223996A6A}.Release|iPhone.ActiveCfg = Release|x86
		{D1A0E881-6CDD-45F7-BEC9-2BA223996A6A}.Release|iPhoneSimulator.ActiveCfg = Release|x86
		{D1A0E881-6CDD-45F7-BEC9-2BA223996A6A}.Release|x64.ActiveCfg = Release|x64
		{D1A0E881-6CDD-45F7-BEC9-2BA223996A6A}.Release|x64.Build.0 = Release|x64
		{D1A0E881-6CDD-45F7-BEC9-2BA223996A6A}.Release|x64.Deploy.0 = Release|x64
		{D1A0E881-6CDD-45F7-BEC9-2BA223996A6A}.Release|x86.ActiveCfg = Release|x86
		{D1A0E881-6CDD-45F7-BEC9-2BA223996A6A}.Release|x86.Build.0 = Release|x86
		{D1A0E881-6CDD-45F7-BEC9-2BA223996A6A}.Release|x86.Deploy.0 = Release|x86
	EndGlobalSection
	GlobalSection(SolutionProperties) = preSolution
		HideSolutionNode = FALSE
	EndGlobalSection
EndGlobal
